{
  "name": "ttml",
  "version": "0.0.1",
  "lockfileVersion": 3,
  "requires": true,
  "packages": {
    "": {
      "name": "ttml",
      "version": "0.0.1",
      "license": "MIT",
      "dependencies": {
        "xmldom": "^0.6.0"
      },
      "devDependencies": {
        "@types/node": "^16.18.34",
        "@types/xmldom": "^0.1.34",
        "typescript": "^5.3.2"
      },
      "engines": {
        "vscode": "^1.85.0"
      }
    },
    "node_modules/@types/node": {
      "version": "16.18.80",
      "resolved": "https://registry.npmjs.org/@types/node/-/node-16.18.80.tgz",
      "integrity": "sha512-vFxJ1Iyl7A0+xB0uW1r1v504yItKZLdqg/VZELUZ4H02U0bXAgBisSQ8Erf0DMruNFz9ggoiEv6T8Ll9bTg8Jw==",
      "dev": true
    },
    "node_modules/@types/xmldom": {
      "version": "0.1.34",
      "resolved": "https://registry.npmjs.org/@types/xmldom/-/xmldom-0.1.34.tgz",
      "integrity": "sha512-7eZFfxI9XHYjJJuugddV6N5YNeXgQE1lArWOcd1eCOKWb/FGs5SIjacSYuEJuwhsGS3gy4RuZ5EUIcqYscuPDA==",
      "dev": true
    },
    "node_modules/typescript": {
      "version": "5.3.3",
      "resolved": "https://registry.npmjs.org/typescript/-/typescript-5.3.3.tgz",
      "integrity": "sha512-pXWcraxM0uxAS+tN0AG/BF2TyqmHO014Z070UsJ+pFvYuRSq8KH8DmWpnbXe0pEPDHXZV3FcAbJkijJ5oNEnWw==",
      "dev": true,
      "bin": {
        "tsc": "bin/tsc",
        "tsserver": "bin/tsserver"
      },
      "engines": {
        "node": ">=14.17"
      }
    },
    "node_modules/xmldom": {
      "version": "0.6.0",
      "resolved": "https://registry.npmjs.org/xmldom/-/xmldom-0.6.0.tgz",
      "integrity": "sha512-iAcin401y58LckRZ0TkI4k0VSM1Qg0KGSc3i8rU+xrxe19A/BN1zHyVSJY7uoutVlaTSzYyk/v5AmkewAP7jtg==",
      "engines": {
        "node": ">=10.0.0"
      }
    }
  }
}
